
Microsoft Visual Studio Solution File, Format Version 12.00
# Visual Studio Version 17
VisualStudioVersion = 17.14.36518.9 d17.14
MinimumVisualStudioVersion = 10.0.40219.1
Project("{FAE04EC0-301F-11D3-BF4B-00C04F79EFBC}") = "SafeScribe", "SafeScribe\SafeScribe.csproj", "{D97F407D-6024-41B3-8231-BAE3236F071A}"
EndProject
Global
	GlobalSection(SolutionConfigurationPlatforms) = preSolution
		Debug|Any CPU = Debug|Any CPU
		Release|Any CPU = Release|Any CPU
	EndGlobalSection
	GlobalSection(ProjectConfigurationPlatforms) = postSolution
		{D97F407D-6024-41B3-8231-BAE3236F071A}.Debug|Any CPU.ActiveCfg = Debug|Any CPU
		{D97F407D-6024-41B3-8231-BAE3236F071A}.Debug|Any CPU.Build.0 = Debug|Any CPU
		{D97F407D-6024-41B3-8231-BAE3236F071A}.Release|Any CPU.ActiveCfg = Release|Any CPU
		{D97F407D-6024-41B3-8231-BAE3236F071A}.Release|Any CPU.Build.0 = Release|Any CPU
	EndGlobalSection
	GlobalSection(SolutionProperties) = preSolution
		HideSolutionNode = FALSE
	EndGlobalSection
	GlobalSection(ExtensibilityGlobals) = postSolution
		SolutionGuid = {76F6D2B3-F397-4674-A039-F1E82D5B1591}
	EndGlobalSection
EndGlobal
